
Microsoft Visual Studio Solution File, Format Version 12.00
# Visual Studio Version 17
VisualStudioVersion = 17.11.35327.3
MinimumVisualStudioVersion = 10.0.40219.1
Project("{8BC9CEB8-8B4A-11D0-8D11-00A0C91BC942}") = "Graphic_Calculator", "Graphic_Calculator\Graphic_Calculator.vcxproj", "{790E1076-9B11-46BB-B80A-EE12B69328B1}"
EndProject
Global
	GlobalSection(SolutionConfigurationPlatforms) = preSolution
		Debug|x64 = Debug|x64
		Debug|x86 = Debug|x86
		Release|x64 = Release|x64
		Release|x86 = Release|x86
	EndGlobalSection
	GlobalSection(ProjectConfigurationPlatforms) = postSolution
		{790E1076-9B11-46BB-B80A-EE12B69328B1}.Debug|x64.ActiveCfg = Debug|x64
		{790E1076-9B11-46BB-B80A-EE12B69328B1}.Debug|x64.Build.0 = Debug|x64
		{790E1076-9B11-46BB-B80A-EE12B69328B1}.Debug|x86.ActiveCfg = Debug|Win32
		{790E1076-9B11-46BB-B80A-EE12B69328B1}.Debug|x86.Build.0 = Debug|Win32
		{790E1076-9B11-46BB-B80A-EE12B69328B1}.Release|x64.ActiveCfg = Release|x64
		{790E1076-9B11-46BB-B80A-EE12B69328B1}.Release|x64.Build.0 = Release|x64
		{790E1076-9B11-46BB-B80A-EE12B69328B1}.Release|x86.ActiveCfg = Release|Win32
		{790E1076-9B11-46BB-B80A-EE12B69328B1}.Release|x86.Build.0 = Release|Win32
	EndGlobalSection
	GlobalSection(SolutionProperties) = preSolution
		HideSolutionNode = FALSE
	EndGlobalSection
	GlobalSection(ExtensibilityGlobals) = postSolution
		SolutionGuid = {D988E9AA-05CA-40F3-B9D5-035941DA65D0}
	EndGlobalSection
EndGlobal
